
Microsoft Visual Studio Solution File, Format Version 12.00
# Visual Studio 15
VisualStudioVersion = 15.0.26730.16
MinimumVisualStudioVersion = 10.0.40219.1
Project("{FAE04EC0-301F-11D3-BF4B-00C04F79EFBC}") = "NMCT.Cloud1.GarbageApplication", "NMCT.Cloud1.GarbageApplication\NMCT.Cloud1.GarbageApplication.csproj", "{215CE3B6-4786-4E3B-8FE7-1A03D9938382}"
EndProject
Global
	GlobalSection(SolutionConfigurationPlatforms) = preSolution
		Debug|Any CPU = Debug|Any CPU
		Release|Any CPU = Release|Any CPU
	EndGlobalSection
	GlobalSection(ProjectConfigurationPlatforms) = postSolution
		{215CE3B6-4786-4E3B-8FE7-1A03D9938382}.Debug|Any CPU.ActiveCfg = Debug|Any CPU
		{215CE3B6-4786-4E3B-8FE7-1A03D9938382}.Debug|Any CPU.Build.0 = Debug|Any CPU
		{215CE3B6-4786-4E3B-8FE7-1A03D9938382}.Release|Any CPU.ActiveCfg = Release|Any CPU
		{215CE3B6-4786-4E3B-8FE7-1A03D9938382}.Release|Any CPU.Build.0 = Release|Any CPU
	EndGlobalSection
	GlobalSection(SolutionProperties) = preSolution
		HideSolutionNode = FALSE
	EndGlobalSection
	GlobalSection(ExtensibilityGlobals) = postSolution
		SolutionGuid = {69C9BCBF-49FA-4BCB-AA60-518C6F07BE32}
	EndGlobalSection
EndGlobal
